
Microsoft Visual Studio Solution File, Format Version 12.00
# Visual Studio Version 16
VisualStudioVersion = 16.0.31321.278
MinimumVisualStudioVersion = 10.0.40219.1
Project("{FAE04EC0-301F-11D3-BF4B-00C04F79EFBC}") = "ApiTicketsAzure", "ApiTicketsAzure.csproj", "{2CB4250B-0ABB-4590-8E78-6D4E85DA54BB}"
EndProject
Global
	GlobalSection(SolutionConfigurationPlatforms) = preSolution
		Debug|Any CPU = Debug|Any CPU
		Release|Any CPU = Release|Any CPU
	EndGlobalSection
	GlobalSection(ProjectConfigurationPlatforms) = postSolution
		{2CB4250B-0ABB-4590-8E78-6D4E85DA54BB}.Debug|Any CPU.ActiveCfg = Debug|Any CPU
		{2CB4250B-0ABB-4590-8E78-6D4E85DA54BB}.Debug|Any CPU.Build.0 = Debug|Any CPU
		{2CB4250B-0ABB-4590-8E78-6D4E85DA54BB}.Release|Any CPU.ActiveCfg = Release|Any CPU
		{2CB4250B-0ABB-4590-8E78-6D4E85DA54BB}.Release|Any CPU.Build.0 = Release|Any CPU
	EndGlobalSection
	GlobalSection(SolutionProperties) = preSolution
		HideSolutionNode = FALSE
	EndGlobalSection
	GlobalSection(ExtensibilityGlobals) = postSolution
		SolutionGuid = {65DEBA06-C598-4161-8DC1-57EBB08EBACB}
	EndGlobalSection
EndGlobal
